
Microsoft Visual Studio Solution File, Format Version 12.00
# Visual Studio 15
VisualStudioVersion = 15.0.25807.0
MinimumVisualStudioVersion = 10.0.40219.1
Project("{2150E333-8FDC-42A3-9474-1A3956D46DE8}") = "Engine", "Engine", "{D4975940-2C78-4270-934D-52DE7C4CC1E8}"
EndProject
Project("{2150E333-8FDC-42A3-9474-1A3956D46DE8}") = "Games", "Games", "{4785EE20-EF4F-47DB-8B23-D91FBA9589B4}"
EndProject
Project("{8BC9CEB8-8B4A-11D0-8D11-00A0C91BC942}") = "UE4", "Intermediate\ProjectFiles\UE4.vcxproj", "{1DA379BB-54DA-4878-A281-FBFCF774128E}"
EndProject
Project("{8BC9CEB8-8B4A-11D0-8D11-00A0C91BC942}") = "BuildingEscape", "Intermediate\ProjectFiles\BuildingEscape.vcxproj", "{35DBB0B2-B27E-4E35-BDF0-D6E6F973D8B8}"
EndProject
Global
	GlobalSection(SolutionConfigurationPlatforms) = preSolution
		DebugGame Editor|Win32 = DebugGame Editor|Win32
		DebugGame Editor|Win64 = DebugGame Editor|Win64
		DebugGame|Win32 = DebugGame|Win32
		DebugGame|Win64 = DebugGame|Win64
		Development Editor|Win32 = Development Editor|Win32
		Development Editor|Win64 = Development Editor|Win64
		Development|Win32 = Development|Win32
		Development|Win64 = Development|Win64
		Shipping|Win32 = Shipping|Win32
		Shipping|Win64 = Shipping|Win64
	EndGlobalSection
	GlobalSection(ProjectConfigurationPlatforms) = postSolution
		{1DA379BB-54DA-4878-A281-FBFCF774128E}.DebugGame Editor|Win32.ActiveCfg = BuiltWithUnrealBuildTool|Win32
		{1DA379BB-54DA-4878-A281-FBFCF774128E}.DebugGame Editor|Win32.Build.0 = BuiltWithUnrealBuildTool|Win32
		{1DA379BB-54DA-4878-A281-FBFCF774128E}.DebugGame Editor|Win64.ActiveCfg = BuiltWithUnrealBuildTool|Win32
		{1DA379BB-54DA-4878-A281-FBFCF774128E}.DebugGame Editor|Win64.Build.0 = BuiltWithUnrealBuildTool|Win32
		{1DA379BB-54DA-4878-A281-FBFCF774128E}.DebugGame|Win32.ActiveCfg = BuiltWithUnrealBuildTool|Win32
		{1DA379BB-54DA-4878-A281-FBFCF774128E}.DebugGame|Win32.Build.0 = BuiltWithUnrealBuildTool|Win32
		{1DA379BB-54DA-4878-A281-FBFCF774128E}.DebugGame|Win64.ActiveCfg = BuiltWithUnrealBuildTool|Win32
		{1DA379BB-54DA-4878-A281-FBFCF774128E}.DebugGame|Win64.Build.0 = BuiltWithUnrealBuildTool|Win32
		{1DA379BB-54DA-4878-A281-FBFCF774128E}.Development Editor|Win32.ActiveCfg = BuiltWithUnrealBuildTool|Win32
		{1DA379BB-54DA-4878-A281-FBFCF774128E}.Development Editor|Win32.Build.0 = BuiltWithUnrealBuildTool|Win32
		{1DA379BB-54DA-4878-A281-FBFCF774128E}.Development Editor|Win64.ActiveCfg = BuiltWithUnrealBuildTool|Win32
		{1DA379BB-54DA-4878-A281-FBFCF774128E}.Development Editor|Win64.Build.0 = BuiltWithUnrealBuildTool|Win32
		{1DA379BB-54DA-4878-A281-FBFCF774128E}.Development|Win32.ActiveCfg = BuiltWithUnrealBuildTool|Win32
		{1DA379BB-54DA-4878-A281-FBFCF774128E}.Development|Win32.Build.0 = BuiltWithUnrealBuildTool|Win32
		{1DA379BB-54DA-4878-A281-FBFCF774128E}.Development|Win64.ActiveCfg = BuiltWithUnrealBuildTool|Win32
		{1DA379BB-54DA-4878-A281-FBFCF774128E}.Development|Win64.Build.0 = BuiltWithUnrealBuildTool|Win32
		{1DA379BB-54DA-4878-A281-FBFCF774128E}.Shipping|Win32.ActiveCfg = BuiltWithUnrealBuildTool|Win32
		{1DA379BB-54DA-4878-A281-FBFCF774128E}.Shipping|Win32.Build.0 = BuiltWithUnrealBuildTool|Win32
		{1DA379BB-54DA-4878-A281-FBFCF774128E}.Shipping|Win64.ActiveCfg = BuiltWithUnrealBuildTool|Win32
		{1DA379BB-54DA-4878-A281-FBFCF774128E}.Shipping|Win64.Build.0 = BuiltWithUnrealBuildTool|Win32
		{35DBB0B2-B27E-4E35-BDF0-D6E6F973D8B8}.DebugGame Editor|Win32.ActiveCfg = DebugGame_Editor|Win32
		{35DBB0B2-B27E-4E35-BDF0-D6E6F973D8B8}.DebugGame Editor|Win64.ActiveCfg = DebugGame_Editor|x64
		{35DBB0B2-B27E-4E35-BDF0-D6E6F973D8B8}.DebugGame Editor|Win64.Build.0 = DebugGame_Editor|x64
		{35DBB0B2-B27E-4E35-BDF0-D6E6F973D8B8}.DebugGame|Win32.ActiveCfg = DebugGame_Game|Win32
		{35DBB0B2-B27E-4E35-BDF0-D6E6F973D8B8}.DebugGame|Win32.Build.0 = DebugGame_Game|Win32
		{35DBB0B2-B27E-4E35-BDF0-D6E6F973D8B8}.DebugGame|Win64.ActiveCfg = DebugGame_Game|x64
		{35DBB0B2-B27E-4E35-BDF0-D6E6F973D8B8}.DebugGame|Win64.Build.0 = DebugGame_Game|x64
		{35DBB0B2-B27E-4E35-BDF0-D6E6F973D8B8}.Development Editor|Win32.ActiveCfg = Development_Editor|Win32
		{35DBB0B2-B27E-4E35-BDF0-D6E6F973D8B8}.Development Editor|Win64.ActiveCfg = Development_Editor|x64
		{35DBB0B2-B27E-4E35-BDF0-D6E6F973D8B8}.Development Editor|Win64.Build.0 = Development_Editor|x64
		{35DBB0B2-B27E-4E35-BDF0-D6E6F973D8B8}.Development|Win32.ActiveCfg = Development_Game|Win32
		{35DBB0B2-B27E-4E35-BDF0-D6E6F973D8B8}.Development|Win32.Build.0 = Development_Game|Win32
		{35DBB0B2-B27E-4E35-BDF0-D6E6F973D8B8}.Development|Win64.ActiveCfg = Development_Game|x64
		{35DBB0B2-B27E-4E35-BDF0-D6E6F973D8B8}.Development|Win64.Build.0 = Development_Game|x64
		{35DBB0B2-B27E-4E35-BDF0-D6E6F973D8B8}.Shipping|Win32.ActiveCfg = Shipping_Game|Win32
		{35DBB0B2-B27E-4E35-BDF0-D6E6F973D8B8}.Shipping|Win32.Build.0 = Shipping_Game|Win32
		{35DBB0B2-B27E-4E35-BDF0-D6E6F973D8B8}.Shipping|Win64.ActiveCfg = Shipping_Game|x64
		{35DBB0B2-B27E-4E35-BDF0-D6E6F973D8B8}.Shipping|Win64.Build.0 = Shipping_Game|x64
	EndGlobalSection
	GlobalSection(SolutionProperties) = preSolution
		HideSolutionNode = FALSE
	EndGlobalSection
	GlobalSection(NestedProjects) = preSolution
		{1DA379BB-54DA-4878-A281-FBFCF774128E} = {D4975940-2C78-4270-934D-52DE7C4CC1E8}
		{35DBB0B2-B27E-4E35-BDF0-D6E6F973D8B8} = {4785EE20-EF4F-47DB-8B23-D91FBA9589B4}
	EndGlobalSection
	GlobalSection(ExtensibilityGlobals) = postSolution
		SolutionGuid = {EE2BD79C-C45D-4016-BB6C-2EC130C4DCBA}
	EndGlobalSection
EndGlobal
